// !$*UTF8*$!
{
	archiveVersion = 1;
	classes = {
	};
	objectVersion = 56;
	objects = {

/* Begin PBXBuildFile section */
		5D2A9FB729C15A460089C467 /* CryptoTrackerApp.swift in Sources */ = {isa = PBXBuildFile; fileRef = 5D2A9FB629C15A460089C467 /* CryptoTrackerApp.swift */; };
		5D2A9FB929C15A460089C467 /* ContentView.swift in Sources */ = {isa = PBXBuildFile; fileRef = 5D2A9FB829C15A460089C467 /* ContentView.swift */; };
		5D2A9FBB29C15A470089C467 /* Assets.xcassets in Resources */ = {isa = PBXBuildFile; fileRef = 5D2A9FBA29C15A470089C467 /* Assets.xcassets */; };
		5D2A9FBE29C15A470089C467 /* Preview Assets.xcassets in Resources */ = {isa = PBXBuildFile; fileRef = 5D2A9FBD29C15A470089C467 /* Preview Assets.xcassets */; };
		5D2A9FC629C15B310089C467 /* Color.swift in Sources */ = {isa = PBXBuildFile; fileRef = 5D2A9FC529C15B310089C467 /* Color.swift */; };
		5D2A9FDA29C249090089C467 /* HomeView.swift in Sources */ = {isa = PBXBuildFile; fileRef = 5D2A9FD929C249090089C467 /* HomeView.swift */; };
		5D2A9FDE29C24AB10089C467 /* CircleButtonView.swift in Sources */ = {isa = PBXBuildFile; fileRef = 5D2A9FDD29C24AB10089C467 /* CircleButtonView.swift */; };
		5D2A9FE029C24EFA0089C467 /* CircleButtonAnimationView.swift in Sources */ = {isa = PBXBuildFile; fileRef = 5D2A9FDF29C24EFA0089C467 /* CircleButtonAnimationView.swift */; };
		5D2A9FE329C36E680089C467 /* CoinModel.swift in Sources */ = {isa = PBXBuildFile; fileRef = 5D2A9FE229C36E680089C467 /* CoinModel.swift */; };
		5D2A9FE529C3C35B0089C467 /* CoinRowView.swift in Sources */ = {isa = PBXBuildFile; fileRef = 5D2A9FE429C3C35B0089C467 /* CoinRowView.swift */; };
		5D2A9FE729C3C4100089C467 /* PreviewProvider.swift in Sources */ = {isa = PBXBuildFile; fileRef = 5D2A9FE629C3C4100089C467 /* PreviewProvider.swift */; };
		5D2A9FE929C3CA180089C467 /* Double.swift in Sources */ = {isa = PBXBuildFile; fileRef = 5D2A9FE829C3CA180089C467 /* Double.swift */; };
		5D2A9FEB29C3D98D0089C467 /* HomeViewModel.swift in Sources */ = {isa = PBXBuildFile; fileRef = 5D2A9FEA29C3D98C0089C467 /* HomeViewModel.swift */; };
		5D2A9FEE29C49F5F0089C467 /* CoinDataService.swift in Sources */ = {isa = PBXBuildFile; fileRef = 5D2A9FED29C49F5F0089C467 /* CoinDataService.swift */; };
		5D6BBE1729C612B20013E60C /* NetworkingManager.swift in Sources */ = {isa = PBXBuildFile; fileRef = 5D6BBE1629C612B20013E60C /* NetworkingManager.swift */; };
		5D6BBE1A29C654C30013E60C /* CoinImageView.swift in Sources */ = {isa = PBXBuildFile; fileRef = 5D6BBE1929C654C30013E60C /* CoinImageView.swift */; };
		5D6BBE1C29C657150013E60C /* CoinImageService.swift in Sources */ = {isa = PBXBuildFile; fileRef = 5D6BBE1B29C657150013E60C /* CoinImageService.swift */; };
		5D6BBE1E29C65B020013E60C /* CoinImageViewModel.swift in Sources */ = {isa = PBXBuildFile; fileRef = 5D6BBE1D29C65B020013E60C /* CoinImageViewModel.swift */; };
		5D6BBE2029C665640013E60C /* LocalFileManager.swift in Sources */ = {isa = PBXBuildFile; fileRef = 5D6BBE1F29C665640013E60C /* LocalFileManager.swift */; };
		5D6BBE2229C6B5B00013E60C /* SearchBarView.swift in Sources */ = {isa = PBXBuildFile; fileRef = 5D6BBE2129C6B5B00013E60C /* SearchBarView.swift */; };
		5D6BBE2429C6BAF90013E60C /* UIApplication.swift in Sources */ = {isa = PBXBuildFile; fileRef = 5D6BBE2329C6BAF90013E60C /* UIApplication.swift */; };
		5D6BBE2629C6C3890013E60C /* StatisticModel.swift in Sources */ = {isa = PBXBuildFile; fileRef = 5D6BBE2529C6C3890013E60C /* StatisticModel.swift */; };
		5D6BBE2829C6C51F0013E60C /* StatisticView.swift in Sources */ = {isa = PBXBuildFile; fileRef = 5D6BBE2729C6C51F0013E60C /* StatisticView.swift */; };
		5D6BBE2A29C6C8D20013E60C /* HomeStatsView.swift in Sources */ = {isa = PBXBuildFile; fileRef = 5D6BBE2929C6C8D20013E60C /* HomeStatsView.swift */; };
		5D6BBE2C29C7FB920013E60C /* MarketDataModel.swift in Sources */ = {isa = PBXBuildFile; fileRef = 5D6BBE2B29C7FB920013E60C /* MarketDataModel.swift */; };
		5D6BBE2E29C7FDE00013E60C /* MarketDataService.swift in Sources */ = {isa = PBXBuildFile; fileRef = 5D6BBE2D29C7FDE00013E60C /* MarketDataService.swift */; };
		5D6BBE3029C8099D0013E60C /* PortfolioView.swift in Sources */ = {isa = PBXBuildFile; fileRef = 5D6BBE2F29C8099D0013E60C /* PortfolioView.swift */; };
		5D6BBE3229C80D960013E60C /* XMarkButton.swift in Sources */ = {isa = PBXBuildFile; fileRef = 5D6BBE3129C80D960013E60C /* XMarkButton.swift */; };
		5D6BBE3429C828790013E60C /* CoinLogoView.swift in Sources */ = {isa = PBXBuildFile; fileRef = 5D6BBE3329C828790013E60C /* CoinLogoView.swift */; };
/* End PBXBuildFile section */

/* Begin PBXFileReference section */
		5D2A9FB329C15A460089C467 /* CryptoTracker.app */ = {isa = PBXFileReference; explicitFileType = wrapper.application; includeInIndex = 0; path = CryptoTracker.app; sourceTree = BUILT_PRODUCTS_DIR; };
		5D2A9FB629C15A460089C467 /* CryptoTrackerApp.swift */ = {isa = PBXFileReference; lastKnownFileType = sourcecode.swift; path = CryptoTrackerApp.swift; sourceTree = "<group>"; };
		5D2A9FB829C15A460089C467 /* ContentView.swift */ = {isa = PBXFileReference; lastKnownFileType = sourcecode.swift; path = ContentView.swift; sourceTree = "<group>"; };
		5D2A9FBA29C15A470089C467 /* Assets.xcassets */ = {isa = PBXFileReference; lastKnownFileType = folder.assetcatalog; path = Assets.xcassets; sourceTree = "<group>"; };
		5D2A9FBD29C15A470089C467 /* Preview Assets.xcassets */ = {isa = PBXFileReference; lastKnownFileType = folder.assetcatalog; path = "Preview Assets.xcassets"; sourceTree = "<group>"; };
		5D2A9FC529C15B310089C467 /* Color.swift */ = {isa = PBXFileReference; lastKnownFileType = sourcecode.swift; path = Color.swift; sourceTree = "<group>"; };
		5D2A9FD929C249090089C467 /* HomeView.swift */ = {isa = PBXFileReference; lastKnownFileType = sourcecode.swift; path = HomeView.swift; sourceTree = "<group>"; };
		5D2A9FDD29C24AB10089C467 /* CircleButtonView.swift */ = {isa = PBXFileReference; lastKnownFileType = sourcecode.swift; path = CircleButtonView.swift; sourceTree = "<group>"; };
		5D2A9FDF29C24EFA0089C467 /* CircleButtonAnimationView.swift */ = {isa = PBXFileReference; lastKnownFileType = sourcecode.swift; path = CircleButtonAnimationView.swift; sourceTree = "<group>"; };
		5D2A9FE229C36E680089C467 /* CoinModel.swift */ = {isa = PBXFileReference; lastKnownFileType = sourcecode.swift; path = CoinModel.swift; sourceTree = "<group>"; };
		5D2A9FE429C3C35B0089C467 /* CoinRowView.swift */ = {isa = PBXFileReference; lastKnownFileType = sourcecode.swift; path = CoinRowView.swift; sourceTree = "<group>"; };
		5D2A9FE629C3C4100089C467 /* PreviewProvider.swift */ = {isa = PBXFileReference; lastKnownFileType = sourcecode.swift; path = PreviewProvider.swift; sourceTree = "<group>"; };
		5D2A9FE829C3CA180089C467 /* Double.swift */ = {isa = PBXFileReference; lastKnownFileType = sourcecode.swift; path = Double.swift; sourceTree = "<group>"; };
		5D2A9FEA29C3D98C0089C467 /* HomeViewModel.swift */ = {isa = PBXFileReference; lastKnownFileType = sourcecode.swift; path = HomeViewModel.swift; sourceTree = "<group>"; };
		5D2A9FED29C49F5F0089C467 /* CoinDataService.swift */ = {isa = PBXFileReference; lastKnownFileType = sourcecode.swift; path = CoinDataService.swift; sourceTree = "<group>"; };
		5D6BBE1629C612B20013E60C /* NetworkingManager.swift */ = {isa = PBXFileReference; lastKnownFileType = sourcecode.swift; path = NetworkingManager.swift; sourceTree = "<group>"; };
		5D6BBE1929C654C30013E60C /* CoinImageView.swift */ = {isa = PBXFileReference; lastKnownFileType = sourcecode.swift; path = CoinImageView.swift; sourceTree = "<group>"; };
		5D6BBE1B29C657150013E60C /* CoinImageService.swift */ = {isa = PBXFileReference; lastKnownFileType = sourcecode.swift; path = CoinImageService.swift; sourceTree = "<group>"; };
		5D6BBE1D29C65B020013E60C /* CoinImageViewModel.swift */ = {isa = PBXFileReference; lastKnownFileType = sourcecode.swift; path = CoinImageViewModel.swift; sourceTree = "<group>"; };
		5D6BBE1F29C665640013E60C /* LocalFileManager.swift */ = {isa = PBXFileReference; lastKnownFileType = sourcecode.swift; path = LocalFileManager.swift; sourceTree = "<group>"; };
		5D6BBE2129C6B5B00013E60C /* SearchBarView.swift */ = {isa = PBXFileReference; lastKnownFileType = sourcecode.swift; path = SearchBarView.swift; sourceTree = "<group>"; };
		5D6BBE2329C6BAF90013E60C /* UIApplication.swift */ = {isa = PBXFileReference; lastKnownFileType = sourcecode.swift; path = UIApplication.swift; sourceTree = "<group>"; };
		5D6BBE2529C6C3890013E60C /* StatisticModel.swift */ = {isa = PBXFileReference; lastKnownFileType = sourcecode.swift; path = StatisticModel.swift; sourceTree = "<group>"; };
		5D6BBE2729C6C51F0013E60C /* StatisticView.swift */ = {isa = PBXFileReference; lastKnownFileType = sourcecode.swift; path = StatisticView.swift; sourceTree = "<group>"; };
		5D6BBE2929C6C8D20013E60C /* HomeStatsView.swift */ = {isa = PBXFileReference; lastKnownFileType = sourcecode.swift; path = HomeStatsView.swift; sourceTree = "<group>"; };
		5D6BBE2B29C7FB920013E60C /* MarketDataModel.swift */ = {isa = PBXFileReference; lastKnownFileType = sourcecode.swift; path = MarketDataModel.swift; sourceTree = "<group>"; };
		5D6BBE2D29C7FDE00013E60C /* MarketDataService.swift */ = {isa = PBXFileReference; lastKnownFileType = sourcecode.swift; path = MarketDataService.swift; sourceTree = "<group>"; };
		5D6BBE2F29C8099D0013E60C /* PortfolioView.swift */ = {isa = PBXFileReference; lastKnownFileType = sourcecode.swift; path = PortfolioView.swift; sourceTree = "<group>"; };
		5D6BBE3129C80D960013E60C /* XMarkButton.swift */ = {isa = PBXFileReference; lastKnownFileType = sourcecode.swift; path = XMarkButton.swift; sourceTree = "<group>"; };
		5D6BBE3329C828790013E60C /* CoinLogoView.swift */ = {isa = PBXFileReference; lastKnownFileType = sourcecode.swift; path = CoinLogoView.swift; sourceTree = "<group>"; };
/* End PBXFileReference section */

/* Begin PBXFrameworksBuildPhase section */
		5D2A9FB029C15A460089C467 /* Frameworks */ = {
			isa = PBXFrameworksBuildPhase;
			buildActionMask = 2147483647;
			files = (
			);
			runOnlyForDeploymentPostprocessing = 0;
		};
/* End PBXFrameworksBuildPhase section */

/* Begin PBXGroup section */
		5D2A9FAA29C15A460089C467 = {
			isa = PBXGroup;
			children = (
				5D2A9FB529C15A460089C467 /* CryptoTracker */,
				5D2A9FB429C15A460089C467 /* Products */,
			);
			sourceTree = "<group>";
		};
		5D2A9FB429C15A460089C467 /* Products */ = {
			isa = PBXGroup;
			children = (
				5D2A9FB329C15A460089C467 /* CryptoTracker.app */,
			);
			name = Products;
			sourceTree = "<group>";
		};
		5D2A9FB529C15A460089C467 /* CryptoTracker */ = {
			isa = PBXGroup;
			children = (
				5D2A9FB629C15A460089C467 /* CryptoTrackerApp.swift */,
				5D2A9FEC29C49F3A0089C467 /* Services */,
				5D6BBE1529C612830013E60C /* Utilities */,
				5D2A9FE129C26C120089C467 /* Models */,
				5D2A9FC429C15B0C0089C467 /* Extensions */,
				5D2A9FD529C2482E0089C467 /* Core  */,
				5D2A9FB829C15A460089C467 /* ContentView.swift */,
				5D2A9FBA29C15A470089C467 /* Assets.xcassets */,
				5D2A9FBC29C15A470089C467 /* Preview Content */,
			);
			path = CryptoTracker;
			sourceTree = "<group>";
		};
		5D2A9FBC29C15A470089C467 /* Preview Content */ = {
			isa = PBXGroup;
			children = (
				5D2A9FBD29C15A470089C467 /* Preview Assets.xcassets */,
			);
			path = "Preview Content";
			sourceTree = "<group>";
		};
		5D2A9FC429C15B0C0089C467 /* Extensions */ = {
			isa = PBXGroup;
			children = (
				5D2A9FC529C15B310089C467 /* Color.swift */,
				5D2A9FE629C3C4100089C467 /* PreviewProvider.swift */,
				5D2A9FE829C3CA180089C467 /* Double.swift */,
				5D6BBE2329C6BAF90013E60C /* UIApplication.swift */,
			);
			path = Extensions;
			sourceTree = "<group>";
		};
		5D2A9FD529C2482E0089C467 /* Core  */ = {
			isa = PBXGroup;
			children = (
				5D2A9FDB29C24A870089C467 /* Components */,
				5D2A9FD629C2486A0089C467 /* Home */,
			);
			path = "Core ";
			sourceTree = "<group>";
		};
		5D2A9FD629C2486A0089C467 /* Home */ = {
			isa = PBXGroup;
			children = (
				5D2A9FD829C248790089C467 /* ViewModels */,
				5D2A9FD729C248720089C467 /* View */,
			);
			path = Home;
			sourceTree = "<group>";
		};
		5D2A9FD729C248720089C467 /* View */ = {
			isa = PBXGroup;
			children = (
				5D2A9FD929C249090089C467 /* HomeView.swift */,
				5D2A9FE429C3C35B0089C467 /* CoinRowView.swift */,
				5D6BBE2929C6C8D20013E60C /* HomeStatsView.swift */,
				5D6BBE2F29C8099D0013E60C /* PortfolioView.swift */,
			);
			path = View;
			sourceTree = "<group>";
		};
		5D2A9FD829C248790089C467 /* ViewModels */ = {
			isa = PBXGroup;
			children = (
				5D2A9FEA29C3D98C0089C467 /* HomeViewModel.swift */,
			);
			path = ViewModels;
			sourceTree = "<group>";
		};
		5D2A9FDB29C24A870089C467 /* Components */ = {
			isa = PBXGroup;
			children = (
				5D6BBE1829C654A40013E60C /* CoinImage */,
				5D2A9FDC29C24A970089C467 /* CircleButton */,
				5D6BBE2129C6B5B00013E60C /* SearchBarView.swift */,
				5D6BBE2729C6C51F0013E60C /* StatisticView.swift */,
				5D6BBE3129C80D960013E60C /* XMarkButton.swift */,
			);
			path = Components;
			sourceTree = "<group>";
		};
		5D2A9FDC29C24A970089C467 /* CircleButton */ = {
			isa = PBXGroup;
			children = (
				5D2A9FDD29C24AB10089C467 /* CircleButtonView.swift */,
				5D2A9FDF29C24EFA0089C467 /* CircleButtonAnimationView.swift */,
			);
			path = CircleButton;
			sourceTree = "<group>";
		};
		5D2A9FE129C26C120089C467 /* Models */ = {
			isa = PBXGroup;
			children = (
				5D2A9FE229C36E680089C467 /* CoinModel.swift */,
				5D6BBE2529C6C3890013E60C /* StatisticModel.swift */,
				5D6BBE2B29C7FB920013E60C /* MarketDataModel.swift */,
			);
			path = Models;
			sourceTree = "<group>";
		};
		5D2A9FEC29C49F3A0089C467 /* Services */ = {
			isa = PBXGroup;
			children = (
				5D2A9FED29C49F5F0089C467 /* CoinDataService.swift */,
				5D6BBE1B29C657150013E60C /* CoinImageService.swift */,
				5D6BBE2D29C7FDE00013E60C /* MarketDataService.swift */,
			);
			path = Services;
			sourceTree = "<group>";
		};
		5D6BBE1529C612830013E60C /* Utilities */ = {
			isa = PBXGroup;
			children = (
				5D6BBE1629C612B20013E60C /* NetworkingManager.swift */,
				5D6BBE1F29C665640013E60C /* LocalFileManager.swift */,
			);
			path = Utilities;
			sourceTree = "<group>";
		};
		5D6BBE1829C654A40013E60C /* CoinImage */ = {
			isa = PBXGroup;
			children = (
				5D6BBE1929C654C30013E60C /* CoinImageView.swift */,
				5D6BBE1D29C65B020013E60C /* CoinImageViewModel.swift */,
				5D6BBE3329C828790013E60C /* CoinLogoView.swift */,
			);
			path = CoinImage;
			sourceTree = "<group>";
		};
/* End PBXGroup section */

/* Begin PBXNativeTarget section */
		5D2A9FB229C15A460089C467 /* CryptoTracker */ = {
			isa = PBXNativeTarget;
			buildConfigurationList = 5D2A9FC129C15A470089C467 /* Build configuration list for PBXNativeTarget "CryptoTracker" */;
			buildPhases = (
				5D2A9FAF29C15A460089C467 /* Sources */,
				5D2A9FB029C15A460089C467 /* Frameworks */,
				5D2A9FB129C15A460089C467 /* Resources */,
			);
			buildRules = (
			);
			dependencies = (
			);
			name = CryptoTracker;
			productName = CryptoTracker;
			productReference = 5D2A9FB329C15A460089C467 /* CryptoTracker.app */;
			productType = "com.apple.product-type.application";
		};
/* End PBXNativeTarget section */

/* Begin PBXProject section */
		5D2A9FAB29C15A460089C467 /* Project object */ = {
			isa = PBXProject;
			attributes = {
				BuildIndependentTargetsInParallel = 1;
				LastSwiftUpdateCheck = 1420;
				LastUpgradeCheck = 1420;
				TargetAttributes = {
					5D2A9FB229C15A460089C467 = {
						CreatedOnToolsVersion = 14.2;
					};
				};
			};
			buildConfigurationList = 5D2A9FAE29C15A460089C467 /* Build configuration list for PBXProject "CryptoTracker" */;
			compatibilityVersion = "Xcode 14.0";
			developmentRegion = en;
			hasScannedForEncodings = 0;
			knownRegions = (
				en,
				Base,
			);
			mainGroup = 5D2A9FAA29C15A460089C467;
			productRefGroup = 5D2A9FB429C15A460089C467 /* Products */;
			projectDirPath = "";
			projectRoot = "";
			targets = (
				5D2A9FB229C15A460089C467 /* CryptoTracker */,
			);
		};
/* End PBXProject section */

/* Begin PBXResourcesBuildPhase section */
		5D2A9FB129C15A460089C467 /* Resources */ = {
			isa = PBXResourcesBuildPhase;
			buildActionMask = 2147483647;
			files = (
				5D2A9FBE29C15A470089C467 /* Preview Assets.xcassets in Resources */,
				5D2A9FBB29C15A470089C467 /* Assets.xcassets in Resources */,
			);
			runOnlyForDeploymentPostprocessing = 0;
		};
/* End PBXResourcesBuildPhase section */

/* Begin PBXSourcesBuildPhase section */
		5D2A9FAF29C15A460089C467 /* Sources */ = {
			isa = PBXSourcesBuildPhase;
			buildActionMask = 2147483647;
			files = (
				5D6BBE2629C6C3890013E60C /* StatisticModel.swift in Sources */,
				5D6BBE2E29C7FDE00013E60C /* MarketDataService.swift in Sources */,
				5D2A9FE529C3C35B0089C467 /* CoinRowView.swift in Sources */,
				5D6BBE3229C80D960013E60C /* XMarkButton.swift in Sources */,
				5D2A9FEB29C3D98D0089C467 /* HomeViewModel.swift in Sources */,
				5D2A9FB929C15A460089C467 /* ContentView.swift in Sources */,
				5D2A9FDA29C249090089C467 /* HomeView.swift in Sources */,
				5D6BBE2029C665640013E60C /* LocalFileManager.swift in Sources */,
				5D6BBE2C29C7FB920013E60C /* MarketDataModel.swift in Sources */,
				5D2A9FEE29C49F5F0089C467 /* CoinDataService.swift in Sources */,
				5D6BBE2829C6C51F0013E60C /* StatisticView.swift in Sources */,
				5D6BBE1A29C654C30013E60C /* CoinImageView.swift in Sources */,
				5D2A9FB729C15A460089C467 /* CryptoTrackerApp.swift in Sources */,
				5D6BBE2429C6BAF90013E60C /* UIApplication.swift in Sources */,
				5D2A9FDE29C24AB10089C467 /* CircleButtonView.swift in Sources */,
				5D2A9FC629C15B310089C467 /* Color.swift in Sources */,
				5D6BBE2229C6B5B00013E60C /* SearchBarView.swift in Sources */,
				5D6BBE3429C828790013E60C /* CoinLogoView.swift in Sources */,
				5D6BBE1729C612B20013E60C /* NetworkingManager.swift in Sources */,
				5D6BBE2A29C6C8D20013E60C /* HomeStatsView.swift in Sources */,
				5D2A9FE029C24EFA0089C467 /* CircleButtonAnimationView.swift in Sources */,
				5D6BBE1E29C65B020013E60C /* CoinImageViewModel.swift in Sources */,
				5D2A9FE729C3C4100089C467 /* PreviewProvider.swift in Sources */,
				5D6BBE3029C8099D0013E60C /* PortfolioView.swift in Sources */,
				5D2A9FE929C3CA180089C467 /* Double.swift in Sources */,
				5D6BBE1C29C657150013E60C /* CoinImageService.swift in Sources */,
				5D2A9FE329C36E680089C467 /* CoinModel.swift in Sources */,
			);
			runOnlyForDeploymentPostprocessing = 0;
		};
/* End PBXSourcesBuildPhase section */

/* Begin XCBuildConfiguration section */
		5D2A9FBF29C15A470089C467 /* Debug */ = {
			isa = XCBuildConfiguration;
			buildSettings = {
				ALWAYS_SEARCH_USER_PATHS = NO;
				CLANG_ANALYZER_NONNULL = YES;
				CLANG_ANALYZER_NUMBER_OBJECT_CONVERSION = YES_AGGRESSIVE;
				CLANG_CXX_LANGUAGE_STANDARD = "gnu++20";
				CLANG_ENABLE_MODULES = YES;
				CLANG_ENABLE_OBJC_ARC = YES;
				CLANG_ENABLE_OBJC_WEAK = YES;
				CLANG_WARN_BLOCK_CAPTURE_AUTORELEASING = YES;
				CLANG_WARN_BOOL_CONVERSION = YES;
				CLANG_WARN_COMMA = YES;
				CLANG_WARN_CONSTANT_CONVERSION = YES;
				CLANG_WARN_DEPRECATED_OBJC_IMPLEMENTATIONS = YES;
				CLANG_WARN_DIRECT_OBJC_ISA_USAGE = YES_ERROR;
				CLANG_WARN_DOCUMENTATION_COMMENTS = YES;
				CLANG_WARN_EMPTY_BODY = YES;
				CLANG_WARN_ENUM_CONVERSION = YES;
				CLANG_WARN_INFINITE_RECURSION = YES;
				CLANG_WARN_INT_CONVERSION = YES;
				CLANG_WARN_NON_LITERAL_NULL_CONVERSION = YES;
				CLANG_WARN_OBJC_IMPLICIT_RETAIN_SELF = YES;
				CLANG_WARN_OBJC_LITERAL_CONVERSION = YES;
				CLANG_WARN_OBJC_ROOT_CLASS = YES_ERROR;
				CLANG_WARN_QUOTED_INCLUDE_IN_FRAMEWORK_HEADER = YES;
				CLANG_WARN_RANGE_LOOP_ANALYSIS = YES;
				CLANG_WARN_STRICT_PROTOTYPES = YES;
				CLANG_WARN_SUSPICIOUS_MOVE = YES;
				CLANG_WARN_UNGUARDED_AVAILABILITY = YES_AGGRESSIVE;
				CLANG_WARN_UNREACHABLE_CODE = YES;
				CLANG_WARN__DUPLICATE_METHOD_MATCH = YES;
				COPY_PHASE_STRIP = NO;
				DEBUG_INFORMATION_FORMAT = dwarf;
				ENABLE_STRICT_OBJC_MSGSEND = YES;
				ENABLE_TESTABILITY = YES;
				GCC_C_LANGUAGE_STANDARD = gnu11;
				GCC_DYNAMIC_NO_PIC = NO;
				GCC_NO_COMMON_BLOCKS = YES;
				GCC_OPTIMIZATION_LEVEL = 0;
				GCC_PREPROCESSOR_DEFINITIONS = (
					"DEBUG=1",
					"$(inherited)",
				);
				GCC_WARN_64_TO_32_BIT_CONVERSION = YES;
				GCC_WARN_ABOUT_RETURN_TYPE = YES_ERROR;
				GCC_WARN_UNDECLARED_SELECTOR = YES;
				GCC_WARN_UNINITIALIZED_AUTOS = YES_AGGRESSIVE;
				GCC_WARN_UNUSED_FUNCTION = YES;
				GCC_WARN_UNUSED_VARIABLE = YES;
				IPHONEOS_DEPLOYMENT_TARGET = 16.2;
				MTL_ENABLE_DEBUG_INFO = INCLUDE_SOURCE;
				MTL_FAST_MATH = YES;
				ONLY_ACTIVE_ARCH = YES;
				SDKROOT = iphoneos;
				SWIFT_ACTIVE_COMPILATION_CONDITIONS = DEBUG;
				SWIFT_OPTIMIZATION_LEVEL = "-Onone";
			};
			name = Debug;
		};
		5D2A9FC029C15A470089C467 /* Release */ = {
			isa = XCBuildConfiguration;
			buildSettings = {
				ALWAYS_SEARCH_USER_PATHS = NO;
				CLANG_ANALYZER_NONNULL = YES;
				CLANG_ANALYZER_NUMBER_OBJECT_CONVERSION = YES_AGGRESSIVE;
				CLANG_CXX_LANGUAGE_STANDARD = "gnu++20";
				CLANG_ENABLE_MODULES = YES;
				CLANG_ENABLE_OBJC_ARC = YES;
				CLANG_ENABLE_OBJC_WEAK = YES;
				CLANG_WARN_BLOCK_CAPTURE_AUTORELEASING = YES;
				CLANG_WARN_BOOL_CONVERSION = YES;
				CLANG_WARN_COMMA = YES;
				CLANG_WARN_CONSTANT_CONVERSION = YES;
				CLANG_WARN_DEPRECATED_OBJC_IMPLEMENTATIONS = YES;
				CLANG_WARN_DIRECT_OBJC_ISA_USAGE = YES_ERROR;
				CLANG_WARN_DOCUMENTATION_COMMENTS = YES;
				CLANG_WARN_EMPTY_BODY = YES;
				CLANG_WARN_ENUM_CONVERSION = YES;
				CLANG_WARN_INFINITE_RECURSION = YES;
				CLANG_WARN_INT_CONVERSION = YES;
				CLANG_WARN_NON_LITERAL_NULL_CONVERSION = YES;
				CLANG_WARN_OBJC_IMPLICIT_RETAIN_SELF = YES;
				CLANG_WARN_OBJC_LITERAL_CONVERSION = YES;
				CLANG_WARN_OBJC_ROOT_CLASS = YES_ERROR;
				CLANG_WARN_QUOTED_INCLUDE_IN_FRAMEWORK_HEADER = YES;
				CLANG_WARN_RANGE_LOOP_ANALYSIS = YES;
				CLANG_WARN_STRICT_PROTOTYPES = YES;
				CLANG_WARN_SUSPICIOUS_MOVE = YES;
				CLANG_WARN_UNGUARDED_AVAILABILITY = YES_AGGRESSIVE;
				CLANG_WARN_UNREACHABLE_CODE = YES;
				CLANG_WARN__DUPLICATE_METHOD_MATCH = YES;
				COPY_PHASE_STRIP = NO;
				DEBUG_INFORMATION_FORMAT = "dwarf-with-dsym";
				ENABLE_NS_ASSERTIONS = NO;
				ENABLE_STRICT_OBJC_MSGSEND = YES;
				GCC_C_LANGUAGE_STANDARD = gnu11;
				GCC_NO_COMMON_BLOCKS = YES;
				GCC_WARN_64_TO_32_BIT_CONVERSION = YES;
				GCC_WARN_ABOUT_RETURN_TYPE = YES_ERROR;
				GCC_WARN_UNDECLARED_SELECTOR = YES;
				GCC_WARN_UNINITIALIZED_AUTOS = YES_AGGRESSIVE;
				GCC_WARN_UNUSED_FUNCTION = YES;
				GCC_WARN_UNUSED_VARIABLE = YES;
				IPHONEOS_DEPLOYMENT_TARGET = 16.2;
				MTL_ENABLE_DEBUG_INFO = NO;
				MTL_FAST_MATH = YES;
				SDKROOT = iphoneos;
				SWIFT_COMPILATION_MODE = wholemodule;
				SWIFT_OPTIMIZATION_LEVEL = "-O";
				VALIDATE_PRODUCT = YES;
			};
			name = Release;
		};
		5D2A9FC229C15A470089C467 /* Debug */ = {
			isa = XCBuildConfiguration;
			buildSettings = {
				ASSETCATALOG_COMPILER_APPICON_NAME = AppIcon;
				ASSETCATALOG_COMPILER_GLOBAL_ACCENT_COLOR_NAME = AccentColor;
				CODE_SIGN_STYLE = Automatic;
				CURRENT_PROJECT_VERSION = 1;
				DEVELOPMENT_ASSET_PATHS = "\"CryptoTracker/Preview Content\"";
				DEVELOPMENT_TEAM = 648GL97VZX;
				ENABLE_PREVIEWS = YES;
				GENERATE_INFOPLIST_FILE = YES;
				INFOPLIST_KEY_CFBundleDisplayName = "Crypto Tracker";
				INFOPLIST_KEY_LSApplicationCategoryType = "public.app-category.finance";
				INFOPLIST_KEY_UIApplicationSceneManifest_Generation = YES;
				INFOPLIST_KEY_UIApplicationSupportsIndirectInputEvents = YES;
				INFOPLIST_KEY_UILaunchScreen_Generation = YES;
				INFOPLIST_KEY_UISupportedInterfaceOrientations = UIInterfaceOrientationPortrait;
				LD_RUNPATH_SEARCH_PATHS = (
					"$(inherited)",
					"@executable_path/Frameworks",
				);
				MARKETING_VERSION = 1.0;
				PRODUCT_BUNDLE_IDENTIFIER = com.jgestradam.CryptoTracker;
				PRODUCT_NAME = "$(TARGET_NAME)";
				SWIFT_EMIT_LOC_STRINGS = YES;
				SWIFT_VERSION = 5.0;
				TARGETED_DEVICE_FAMILY = "1,2";
			};
			name = Debug;
		};
		5D2A9FC329C15A470089C467 /* Release */ = {
			isa = XCBuildConfiguration;
			buildSettings = {
				ASSETCATALOG_COMPILER_APPICON_NAME = AppIcon;
				ASSETCATALOG_COMPILER_GLOBAL_ACCENT_COLOR_NAME = AccentColor;
				CODE_SIGN_STYLE = Automatic;
				CURRENT_PROJECT_VERSION = 1;
				DEVELOPMENT_ASSET_PATHS = "\"CryptoTracker/Preview Content\"";
				DEVELOPMENT_TEAM = 648GL97VZX;
				ENABLE_PREVIEWS = YES;
				GENERATE_INFOPLIST_FILE = YES;
				INFOPLIST_KEY_CFBundleDisplayName = "Crypto Tracker";
				INFOPLIST_KEY_LSApplicationCategoryType = "public.app-category.finance";
				INFOPLIST_KEY_UIApplicationSceneManifest_Generation = YES;
				INFOPLIST_KEY_UIApplicationSupportsIndirectInputEvents = YES;
				INFOPLIST_KEY_UILaunchScreen_Generation = YES;
				INFOPLIST_KEY_UISupportedInterfaceOrientations = UIInterfaceOrientationPortrait;
				LD_RUNPATH_SEARCH_PATHS = (
					"$(inherited)",
					"@executable_path/Frameworks",
				);
				MARKETING_VERSION = 1.0;
				PRODUCT_BUNDLE_IDENTIFIER = com.jgestradam.CryptoTracker;
				PRODUCT_NAME = "$(TARGET_NAME)";
				SWIFT_EMIT_LOC_STRINGS = YES;
				SWIFT_VERSION = 5.0;
				TARGETED_DEVICE_FAMILY = "1,2";
			};
			name = Release;
		};
/* End XCBuildConfiguration section */

/* Begin XCConfigurationList section */
		5D2A9FAE29C15A460089C467 /* Build configuration list for PBXProject "CryptoTracker" */ = {
			isa = XCConfigurationList;
			buildConfigurations = (
				5D2A9FBF29C15A470089C467 /* Debug */,
				5D2A9FC029C15A470089C467 /* Release */,
			);
			defaultConfigurationIsVisible = 0;
			defaultConfigurationName = Release;
		};
		5D2A9FC129C15A470089C467 /* Build configuration list for PBXNativeTarget "CryptoTracker" */ = {
			isa = XCConfigurationList;
			buildConfigurations = (
				5D2A9FC229C15A470089C467 /* Debug */,
				5D2A9FC329C15A470089C467 /* Release */,
			);
			defaultConfigurationIsVisible = 0;
			defaultConfigurationName = Release;
		};
/* End XCConfigurationList section */
	};
	rootObject = 5D2A9FAB29C15A460089C467 /* Project object */;
}
